<Solution>
  <Project Path="Chatterbox.Backend/Chatterbox.Backend.csproj" />
  <Folder Name="/CloudFormation/">
    <File Path="CLOUDFORMATION.md" />
    <File Path="template.yaml" />
  </Folder>
  <Project Path="Chatterbox.Backend.Tests/Chatterbox.Backend.Tests.csproj" />
  <Project Path="Chatterbox.Infrastructure/Chatterbox.Infrastructure.csproj" />
</Solution>