<Solution>
  <Project Path="Chatterbox.Backend/Chatterbox.Backend.csproj" />
  <Folder Name="/Deployment/">
    <File Path="deploy.ps1" />
    <File Path="docker-compose.yml" />
    <File Path="README-CLOUDFORMATION.md" />
    <File Path="template.yaml" />
  </Folder>
  <Folder Name="/Solution Items/">
    <File Path=".github/workflows/build-and-test.yml" />
  </Folder>
  <Project Path="Chatterbox.Backend.Tests/Chatterbox.Backend.Tests.csproj" />
</Solution>